
Microsoft Visual Studio Solution File, Format Version 12.00
# Visual Studio Version 17
VisualStudioVersion = 17.9.34622.214
MinimumVisualStudioVersion = 10.0.40219.1
Project("{FAE04EC0-301F-11D3-BF4B-00C04F79EFBC}") = "Client", "TCPchat\Client.csproj", "{0C1B798B-F0BE-42AE-BD5E-8835B6FC31A1}"
EndProject
Project("{FAE04EC0-301F-11D3-BF4B-00C04F79EFBC}") = "Server", "Server\Server.csproj", "{8F0115E8-263E-433A-9ED8-2E360695F404}"
EndProject
Global
	GlobalSection(SolutionConfigurationPlatforms) = preSolution
		Debug|Any CPU = Debug|Any CPU
		Release|Any CPU = Release|Any CPU
	EndGlobalSection
	GlobalSection(ProjectConfigurationPlatforms) = postSolution
		{0C1B798B-F0BE-42AE-BD5E-8835B6FC31A1}.Debug|Any CPU.ActiveCfg = Debug|Any CPU
		{0C1B798B-F0BE-42AE-BD5E-8835B6FC31A1}.Debug|Any CPU.Build.0 = Debug|Any CPU
		{0C1B798B-F0BE-42AE-BD5E-8835B6FC31A1}.Release|Any CPU.ActiveCfg = Release|Any CPU
		{0C1B798B-F0BE-42AE-BD5E-8835B6FC31A1}.Release|Any CPU.Build.0 = Release|Any CPU
		{8F0115E8-263E-433A-9ED8-2E360695F404}.Debug|Any CPU.ActiveCfg = Debug|Any CPU
		{8F0115E8-263E-433A-9ED8-2E360695F404}.Debug|Any CPU.Build.0 = Debug|Any CPU
		{8F0115E8-263E-433A-9ED8-2E360695F404}.Release|Any CPU.ActiveCfg = Release|Any CPU
		{8F0115E8-263E-433A-9ED8-2E360695F404}.Release|Any CPU.Build.0 = Release|Any CPU
	EndGlobalSection
	GlobalSection(SolutionProperties) = preSolution
		HideSolutionNode = FALSE
	EndGlobalSection
	GlobalSection(ExtensibilityGlobals) = postSolution
		SolutionGuid = {C64E2CD7-C2D6-454A-AF6D-23046EAFD16C}
	EndGlobalSection
EndGlobal
